// !$*UTF8*$!
{
	archiveVersion = 1;
	classes = {
	};
	objectVersion = 55;
	objects = {

/* Begin PBXBuildFile section */
		6E2C132B295FD40700063067 /* ClassView.swift in Sources */ = {isa = PBXBuildFile; fileRef = 6E2C132A295FD40700063067 /* ClassView.swift */; };
		6E2C132D295FDFE500063067 /* genLib.swift in Sources */ = {isa = PBXBuildFile; fileRef = 6E2C132C295FDFE500063067 /* genLib.swift */; };
		6E2C132F295FE4AF00063067 /* LessonView.swift in Sources */ = {isa = PBXBuildFile; fileRef = 6E2C132E295FE4AF00063067 /* LessonView.swift */; };
		6E45E809295248A40038543F /* front_endApp.swift in Sources */ = {isa = PBXBuildFile; fileRef = 6E45E808295248A40038543F /* front_endApp.swift */; };
		6E45E80B295248A40038543F /* ContentView.swift in Sources */ = {isa = PBXBuildFile; fileRef = 6E45E80A295248A40038543F /* ContentView.swift */; };
		6E45E80D295248A50038543F /* Assets.xcassets in Resources */ = {isa = PBXBuildFile; fileRef = 6E45E80C295248A50038543F /* Assets.xcassets */; };
		6E45E810295248A50038543F /* Preview Assets.xcassets in Resources */ = {isa = PBXBuildFile; fileRef = 6E45E80F295248A50038543F /* Preview Assets.xcassets */; };
		6E45E81A295248A50038543F /* front_endTests.swift in Sources */ = {isa = PBXBuildFile; fileRef = 6E45E819295248A50038543F /* front_endTests.swift */; };
		6E45E824295248A50038543F /* front_endUITests.swift in Sources */ = {isa = PBXBuildFile; fileRef = 6E45E823295248A50038543F /* front_endUITests.swift */; };
		6E45E826295248A50038543F /* front_endUITestsLaunchTests.swift in Sources */ = {isa = PBXBuildFile; fileRef = 6E45E825295248A50038543F /* front_endUITestsLaunchTests.swift */; };
		6E45E833295268670038543F /* HomeView.swift in Sources */ = {isa = PBXBuildFile; fileRef = 6E45E832295268670038543F /* HomeView.swift */; };
		6E45E8372952898F0038543F /* AddDrop.swift in Sources */ = {isa = PBXBuildFile; fileRef = 6E45E8362952898F0038543F /* AddDrop.swift */; };
		6E45E83D2956189A0038543F /* MyHTTP.swift in Sources */ = {isa = PBXBuildFile; fileRef = 6E45E83C2956189A0038543F /* MyHTTP.swift */; };
		6E45E83F29563C980038543F /* Responses.swift in Sources */ = {isa = PBXBuildFile; fileRef = 6E45E83E29563C980038543F /* Responses.swift */; };
		6E45E84129563CC40038543F /* DBObjects.swift in Sources */ = {isa = PBXBuildFile; fileRef = 6E45E84029563CC40038543F /* DBObjects.swift */; };
/* End PBXBuildFile section */

/* Begin PBXContainerItemProxy section */
		6E45E816295248A50038543F /* PBXContainerItemProxy */ = {
			isa = PBXContainerItemProxy;
			containerPortal = 6E45E7FD295248A40038543F /* Project object */;
			proxyType = 1;
			remoteGlobalIDString = 6E45E804295248A40038543F;
			remoteInfo = "front-end";
		};
		6E45E820295248A50038543F /* PBXContainerItemProxy */ = {
			isa = PBXContainerItemProxy;
			containerPortal = 6E45E7FD295248A40038543F /* Project object */;
			proxyType = 1;
			remoteGlobalIDString = 6E45E804295248A40038543F;
			remoteInfo = "front-end";
		};
/* End PBXContainerItemProxy section */

/* Begin PBXFileReference section */
		6E0896EE295A1ECB0001DDCC /* Info.plist */ = {isa = PBXFileReference; lastKnownFileType = text.plist; path = Info.plist; sourceTree = "<group>"; };
		6E2C132A295FD40700063067 /* ClassView.swift */ = {isa = PBXFileReference; lastKnownFileType = sourcecode.swift; path = ClassView.swift; sourceTree = "<group>"; };
		6E2C132C295FDFE500063067 /* genLib.swift */ = {isa = PBXFileReference; lastKnownFileType = sourcecode.swift; path = genLib.swift; sourceTree = "<group>"; };
		6E2C132E295FE4AF00063067 /* LessonView.swift */ = {isa = PBXFileReference; lastKnownFileType = sourcecode.swift; path = LessonView.swift; sourceTree = "<group>"; };
		6E45E805295248A40038543F /* IsaGo Education.app */ = {isa = PBXFileReference; explicitFileType = wrapper.application; includeInIndex = 0; path = "IsaGo Education.app"; sourceTree = BUILT_PRODUCTS_DIR; };
		6E45E808295248A40038543F /* front_endApp.swift */ = {isa = PBXFileReference; lastKnownFileType = sourcecode.swift; path = front_endApp.swift; sourceTree = "<group>"; };
		6E45E80A295248A40038543F /* ContentView.swift */ = {isa = PBXFileReference; lastKnownFileType = sourcecode.swift; path = ContentView.swift; sourceTree = "<group>"; };
		6E45E80C295248A50038543F /* Assets.xcassets */ = {isa = PBXFileReference; lastKnownFileType = folder.assetcatalog; path = Assets.xcassets; sourceTree = "<group>"; };
		6E45E80F295248A50038543F /* Preview Assets.xcassets */ = {isa = PBXFileReference; lastKnownFileType = folder.assetcatalog; path = "Preview Assets.xcassets"; sourceTree = "<group>"; };
		6E45E815295248A50038543F /* front-endTests.xctest */ = {isa = PBXFileReference; explicitFileType = wrapper.cfbundle; includeInIndex = 0; path = "front-endTests.xctest"; sourceTree = BUILT_PRODUCTS_DIR; };
		6E45E819295248A50038543F /* front_endTests.swift */ = {isa = PBXFileReference; lastKnownFileType = sourcecode.swift; path = front_endTests.swift; sourceTree = "<group>"; };
		6E45E81F295248A50038543F /* front-endUITests.xctest */ = {isa = PBXFileReference; explicitFileType = wrapper.cfbundle; includeInIndex = 0; path = "front-endUITests.xctest"; sourceTree = BUILT_PRODUCTS_DIR; };
		6E45E823295248A50038543F /* front_endUITests.swift */ = {isa = PBXFileReference; lastKnownFileType = sourcecode.swift; path = front_endUITests.swift; sourceTree = "<group>"; };
		6E45E825295248A50038543F /* front_endUITestsLaunchTests.swift */ = {isa = PBXFileReference; lastKnownFileType = sourcecode.swift; path = front_endUITestsLaunchTests.swift; sourceTree = "<group>"; };
		6E45E832295268670038543F /* HomeView.swift */ = {isa = PBXFileReference; lastKnownFileType = sourcecode.swift; path = HomeView.swift; sourceTree = "<group>"; };
		6E45E8362952898F0038543F /* AddDrop.swift */ = {isa = PBXFileReference; lastKnownFileType = sourcecode.swift; path = AddDrop.swift; sourceTree = "<group>"; };
		6E45E83C2956189A0038543F /* MyHTTP.swift */ = {isa = PBXFileReference; lastKnownFileType = sourcecode.swift; path = MyHTTP.swift; sourceTree = "<group>"; };
		6E45E83E29563C980038543F /* Responses.swift */ = {isa = PBXFileReference; lastKnownFileType = sourcecode.swift; path = Responses.swift; sourceTree = "<group>"; };
		6E45E84029563CC40038543F /* DBObjects.swift */ = {isa = PBXFileReference; lastKnownFileType = sourcecode.swift; path = DBObjects.swift; sourceTree = "<group>"; };
/* End PBXFileReference section */

/* Begin PBXFrameworksBuildPhase section */
		6E45E802295248A40038543F /* Frameworks */ = {
			isa = PBXFrameworksBuildPhase;
			buildActionMask = 2147483647;
			files = (
			);
			runOnlyForDeploymentPostprocessing = 0;
		};
		6E45E812295248A50038543F /* Frameworks */ = {
			isa = PBXFrameworksBuildPhase;
			buildActionMask = 2147483647;
			files = (
			);
			runOnlyForDeploymentPostprocessing = 0;
		};
		6E45E81C295248A50038543F /* Frameworks */ = {
			isa = PBXFrameworksBuildPhase;
			buildActionMask = 2147483647;
			files = (
			);
			runOnlyForDeploymentPostprocessing = 0;
		};
/* End PBXFrameworksBuildPhase section */

/* Begin PBXGroup section */
		6E45E7FC295248A40038543F = {
			isa = PBXGroup;
			children = (
				6E45E807295248A40038543F /* front-end */,
				6E45E818295248A50038543F /* front-endTests */,
				6E45E822295248A50038543F /* front-endUITests */,
				6E45E806295248A40038543F /* Products */,
			);
			sourceTree = "<group>";
		};
		6E45E806295248A40038543F /* Products */ = {
			isa = PBXGroup;
			children = (
				6E45E805295248A40038543F /* IsaGo Education.app */,
				6E45E815295248A50038543F /* front-endTests.xctest */,
				6E45E81F295248A50038543F /* front-endUITests.xctest */,
			);
			name = Products;
			sourceTree = "<group>";
		};
		6E45E807295248A40038543F /* front-end */ = {
			isa = PBXGroup;
			children = (
				6E0896EE295A1ECB0001DDCC /* Info.plist */,
				6E45E808295248A40038543F /* front_endApp.swift */,
				6E45E80A295248A40038543F /* ContentView.swift */,
				6E45E80C295248A50038543F /* Assets.xcassets */,
				6E45E80E295248A50038543F /* Preview Content */,
				6E45E832295268670038543F /* HomeView.swift */,
				6E45E8362952898F0038543F /* AddDrop.swift */,
				6E45E83C2956189A0038543F /* MyHTTP.swift */,
				6E45E83E29563C980038543F /* Responses.swift */,
				6E45E84029563CC40038543F /* DBObjects.swift */,
				6E2C132A295FD40700063067 /* ClassView.swift */,
				6E2C132C295FDFE500063067 /* genLib.swift */,
				6E2C132E295FE4AF00063067 /* LessonView.swift */,
			);
			path = "front-end";
			sourceTree = "<group>";
		};
		6E45E80E295248A50038543F /* Preview Content */ = {
			isa = PBXGroup;
			children = (
				6E45E80F295248A50038543F /* Preview Assets.xcassets */,
			);
			path = "Preview Content";
			sourceTree = "<group>";
		};
		6E45E818295248A50038543F /* front-endTests */ = {
			isa = PBXGroup;
			children = (
				6E45E819295248A50038543F /* front_endTests.swift */,
			);
			path = "front-endTests";
			sourceTree = "<group>";
		};
		6E45E822295248A50038543F /* front-endUITests */ = {
			isa = PBXGroup;
			children = (
				6E45E823295248A50038543F /* front_endUITests.swift */,
				6E45E825295248A50038543F /* front_endUITestsLaunchTests.swift */,
			);
			path = "front-endUITests";
			sourceTree = "<group>";
		};
/* End PBXGroup section */

/* Begin PBXNativeTarget section */
		6E45E804295248A40038543F /* front-end */ = {
			isa = PBXNativeTarget;
			buildConfigurationList = 6E45E829295248A50038543F /* Build configuration list for PBXNativeTarget "front-end" */;
			buildPhases = (
				6E45E801295248A40038543F /* Sources */,
				6E45E802295248A40038543F /* Frameworks */,
				6E45E803295248A40038543F /* Resources */,
			);
			buildRules = (
			);
			dependencies = (
			);
			name = "front-end";
			productName = "front-end";
			productReference = 6E45E805295248A40038543F /* IsaGo Education.app */;
			productType = "com.apple.product-type.application";
		};
		6E45E814295248A50038543F /* front-endTests */ = {
			isa = PBXNativeTarget;
			buildConfigurationList = 6E45E82C295248A50038543F /* Build configuration list for PBXNativeTarget "front-endTests" */;
			buildPhases = (
				6E45E811295248A50038543F /* Sources */,
				6E45E812295248A50038543F /* Frameworks */,
				6E45E813295248A50038543F /* Resources */,
			);
			buildRules = (
			);
			dependencies = (
				6E45E817295248A50038543F /* PBXTargetDependency */,
			);
			name = "front-endTests";
			productName = "front-endTests";
			productReference = 6E45E815295248A50038543F /* front-endTests.xctest */;
			productType = "com.apple.product-type.bundle.unit-test";
		};
		6E45E81E295248A50038543F /* front-endUITests */ = {
			isa = PBXNativeTarget;
			buildConfigurationList = 6E45E82F295248A50038543F /* Build configuration list for PBXNativeTarget "front-endUITests" */;
			buildPhases = (
				6E45E81B295248A50038543F /* Sources */,
				6E45E81C295248A50038543F /* Frameworks */,
				6E45E81D295248A50038543F /* Resources */,
			);
			buildRules = (
			);
			dependencies = (
				6E45E821295248A50038543F /* PBXTargetDependency */,
			);
			name = "front-endUITests";
			productName = "front-endUITests";
			productReference = 6E45E81F295248A50038543F /* front-endUITests.xctest */;
			productType = "com.apple.product-type.bundle.ui-testing";
		};
/* End PBXNativeTarget section */

/* Begin PBXProject section */
		6E45E7FD295248A40038543F /* Project object */ = {
			isa = PBXProject;
			attributes = {
				BuildIndependentTargetsInParallel = 1;
				LastSwiftUpdateCheck = 1340;
				LastUpgradeCheck = 1340;
				TargetAttributes = {
					6E45E804295248A40038543F = {
						CreatedOnToolsVersion = 13.4.1;
					};
					6E45E814295248A50038543F = {
						CreatedOnToolsVersion = 13.4.1;
						TestTargetID = 6E45E804295248A40038543F;
					};
					6E45E81E295248A50038543F = {
						CreatedOnToolsVersion = 13.4.1;
						TestTargetID = 6E45E804295248A40038543F;
					};
				};
			};
			buildConfigurationList = 6E45E800295248A40038543F /* Build configuration list for PBXProject "front-end" */;
			compatibilityVersion = "Xcode 13.0";
			developmentRegion = en;
			hasScannedForEncodings = 0;
			knownRegions = (
				en,
				Base,
			);
			mainGroup = 6E45E7FC295248A40038543F;
			productRefGroup = 6E45E806295248A40038543F /* Products */;
			projectDirPath = "";
			projectRoot = "";
			targets = (
				6E45E804295248A40038543F /* front-end */,
				6E45E814295248A50038543F /* front-endTests */,
				6E45E81E295248A50038543F /* front-endUITests */,
			);
		};
/* End PBXProject section */

/* Begin PBXResourcesBuildPhase section */
		6E45E803295248A40038543F /* Resources */ = {
			isa = PBXResourcesBuildPhase;
			buildActionMask = 2147483647;
			files = (
				6E45E810295248A50038543F /* Preview Assets.xcassets in Resources */,
				6E45E80D295248A50038543F /* Assets.xcassets in Resources */,
			);
			runOnlyForDeploymentPostprocessing = 0;
		};
		6E45E813295248A50038543F /* Resources */ = {
			isa = PBXResourcesBuildPhase;
			buildActionMask = 2147483647;
			files = (
			);
			runOnlyForDeploymentPostprocessing = 0;
		};
		6E45E81D295248A50038543F /* Resources */ = {
			isa = PBXResourcesBuildPhase;
			buildActionMask = 2147483647;
			files = (
			);
			runOnlyForDeploymentPostprocessing = 0;
		};
/* End PBXResourcesBuildPhase section */

/* Begin PBXSourcesBuildPhase section */
		6E45E801295248A40038543F /* Sources */ = {
			isa = PBXSourcesBuildPhase;
			buildActionMask = 2147483647;
			files = (
				6E2C132D295FDFE500063067 /* genLib.swift in Sources */,
				6E45E83F29563C980038543F /* Responses.swift in Sources */,
				6E2C132F295FE4AF00063067 /* LessonView.swift in Sources */,
				6E45E833295268670038543F /* HomeView.swift in Sources */,
				6E45E80B295248A40038543F /* ContentView.swift in Sources */,
				6E2C132B295FD40700063067 /* ClassView.swift in Sources */,
				6E45E84129563CC40038543F /* DBObjects.swift in Sources */,
				6E45E8372952898F0038543F /* AddDrop.swift in Sources */,
				6E45E809295248A40038543F /* front_endApp.swift in Sources */,
				6E45E83D2956189A0038543F /* MyHTTP.swift in Sources */,
			);
			runOnlyForDeploymentPostprocessing = 0;
		};
		6E45E811295248A50038543F /* Sources */ = {
			isa = PBXSourcesBuildPhase;
			buildActionMask = 2147483647;
			files = (
				6E45E81A295248A50038543F /* front_endTests.swift in Sources */,
			);
			runOnlyForDeploymentPostprocessing = 0;
		};
		6E45E81B295248A50038543F /* Sources */ = {
			isa = PBXSourcesBuildPhase;
			buildActionMask = 2147483647;
			files = (
				6E45E826295248A50038543F /* front_endUITestsLaunchTests.swift in Sources */,
				6E45E824295248A50038543F /* front_endUITests.swift in Sources */,
			);
			runOnlyForDeploymentPostprocessing = 0;
		};
/* End PBXSourcesBuildPhase section */

/* Begin PBXTargetDependency section */
		6E45E817295248A50038543F /* PBXTargetDependency */ = {
			isa = PBXTargetDependency;
			target = 6E45E804295248A40038543F /* front-end */;
			targetProxy = 6E45E816295248A50038543F /* PBXContainerItemProxy */;
		};
		6E45E821295248A50038543F /* PBXTargetDependency */ = {
			isa = PBXTargetDependency;
			target = 6E45E804295248A40038543F /* front-end */;
			targetProxy = 6E45E820295248A50038543F /* PBXContainerItemProxy */;
		};
/* End PBXTargetDependency section */

/* Begin XCBuildConfiguration section */
		6E45E827295248A50038543F /* Debug */ = {
			isa = XCBuildConfiguration;
			buildSettings = {
				ALWAYS_SEARCH_USER_PATHS = NO;
				CLANG_ANALYZER_NONNULL = YES;
				CLANG_ANALYZER_NUMBER_OBJECT_CONVERSION = YES_AGGRESSIVE;
				CLANG_CXX_LANGUAGE_STANDARD = "gnu++17";
				CLANG_ENABLE_MODULES = YES;
				CLANG_ENABLE_OBJC_ARC = YES;
				CLANG_ENABLE_OBJC_WEAK = YES;
				CLANG_WARN_BLOCK_CAPTURE_AUTORELEASING = YES;
				CLANG_WARN_BOOL_CONVERSION = YES;
				CLANG_WARN_COMMA = YES;
				CLANG_WARN_CONSTANT_CONVERSION = YES;
				CLANG_WARN_DEPRECATED_OBJC_IMPLEMENTATIONS = YES;
				CLANG_WARN_DIRECT_OBJC_ISA_USAGE = YES_ERROR;
				CLANG_WARN_DOCUMENTATION_COMMENTS = YES;
				CLANG_WARN_EMPTY_BODY = YES;
				CLANG_WARN_ENUM_CONVERSION = YES;
				CLANG_WARN_INFINITE_RECURSION = YES;
				CLANG_WARN_INT_CONVERSION = YES;
				CLANG_WARN_NON_LITERAL_NULL_CONVERSION = YES;
				CLANG_WARN_OBJC_IMPLICIT_RETAIN_SELF = YES;
				CLANG_WARN_OBJC_LITERAL_CONVERSION = YES;
				CLANG_WARN_OBJC_ROOT_CLASS = YES_ERROR;
				CLANG_WARN_QUOTED_INCLUDE_IN_FRAMEWORK_HEADER = YES;
				CLANG_WARN_RANGE_LOOP_ANALYSIS = YES;
				CLANG_WARN_STRICT_PROTOTYPES = YES;
				CLANG_WARN_SUSPICIOUS_MOVE = YES;
				CLANG_WARN_UNGUARDED_AVAILABILITY = YES_AGGRESSIVE;
				CLANG_WARN_UNREACHABLE_CODE = YES;
				CLANG_WARN__DUPLICATE_METHOD_MATCH = YES;
				COPY_PHASE_STRIP = NO;
				DEBUG_INFORMATION_FORMAT = dwarf;
				ENABLE_STRICT_OBJC_MSGSEND = YES;
				ENABLE_TESTABILITY = YES;
				GCC_C_LANGUAGE_STANDARD = gnu11;
				GCC_DYNAMIC_NO_PIC = NO;
				GCC_NO_COMMON_BLOCKS = YES;
				GCC_OPTIMIZATION_LEVEL = 0;
				GCC_PREPROCESSOR_DEFINITIONS = (
					"DEBUG=1",
					"$(inherited)",
				);
				GCC_WARN_64_TO_32_BIT_CONVERSION = YES;
				GCC_WARN_ABOUT_RETURN_TYPE = YES_ERROR;
				GCC_WARN_UNDECLARED_SELECTOR = YES;
				GCC_WARN_UNINITIALIZED_AUTOS = YES_AGGRESSIVE;
				GCC_WARN_UNUSED_FUNCTION = YES;
				GCC_WARN_UNUSED_VARIABLE = YES;
				IPHONEOS_DEPLOYMENT_TARGET = 15.5;
				MTL_ENABLE_DEBUG_INFO = INCLUDE_SOURCE;
				MTL_FAST_MATH = YES;
				ONLY_ACTIVE_ARCH = YES;
				SDKROOT = iphoneos;
				SWIFT_ACTIVE_COMPILATION_CONDITIONS = DEBUG;
				SWIFT_OPTIMIZATION_LEVEL = "-Onone";
			};
			name = Debug;
		};
		6E45E828295248A50038543F /* Release */ = {
			isa = XCBuildConfiguration;
			buildSettings = {
				ALWAYS_SEARCH_USER_PATHS = NO;
				CLANG_ANALYZER_NONNULL = YES;
				CLANG_ANALYZER_NUMBER_OBJECT_CONVERSION = YES_AGGRESSIVE;
				CLANG_CXX_LANGUAGE_STANDARD = "gnu++17";
				CLANG_ENABLE_MODULES = YES;
				CLANG_ENABLE_OBJC_ARC = YES;
				CLANG_ENABLE_OBJC_WEAK = YES;
				CLANG_WARN_BLOCK_CAPTURE_AUTORELEASING = YES;
				CLANG_WARN_BOOL_CONVERSION = YES;
				CLANG_WARN_COMMA = YES;
				CLANG_WARN_CONSTANT_CONVERSION = YES;
				CLANG_WARN_DEPRECATED_OBJC_IMPLEMENTATIONS = YES;
				CLANG_WARN_DIRECT_OBJC_ISA_USAGE = YES_ERROR;
				CLANG_WARN_DOCUMENTATION_COMMENTS = YES;
				CLANG_WARN_EMPTY_BODY = YES;
				CLANG_WARN_ENUM_CONVERSION = YES;
				CLANG_WARN_INFINITE_RECURSION = YES;
				CLANG_WARN_INT_CONVERSION = YES;
				CLANG_WARN_NON_LITERAL_NULL_CONVERSION = YES;
				CLANG_WARN_OBJC_IMPLICIT_RETAIN_SELF = YES;
				CLANG_WARN_OBJC_LITERAL_CONVERSION = YES;
				CLANG_WARN_OBJC_ROOT_CLASS = YES_ERROR;
				CLANG_WARN_QUOTED_INCLUDE_IN_FRAMEWORK_HEADER = YES;
				CLANG_WARN_RANGE_LOOP_ANALYSIS = YES;
				CLANG_WARN_STRICT_PROTOTYPES = YES;
				CLANG_WARN_SUSPICIOUS_MOVE = YES;
				CLANG_WARN_UNGUARDED_AVAILABILITY = YES_AGGRESSIVE;
				CLANG_WARN_UNREACHABLE_CODE = YES;
				CLANG_WARN__DUPLICATE_METHOD_MATCH = YES;
				COPY_PHASE_STRIP = NO;
				DEBUG_INFORMATION_FORMAT = "dwarf-with-dsym";
				ENABLE_NS_ASSERTIONS = NO;
				ENABLE_STRICT_OBJC_MSGSEND = YES;
				GCC_C_LANGUAGE_STANDARD = gnu11;
				GCC_NO_COMMON_BLOCKS = YES;
				GCC_WARN_64_TO_32_BIT_CONVERSION = YES;
				GCC_WARN_ABOUT_RETURN_TYPE = YES_ERROR;
				GCC_WARN_UNDECLARED_SELECTOR = YES;
				GCC_WARN_UNINITIALIZED_AUTOS = YES_AGGRESSIVE;
				GCC_WARN_UNUSED_FUNCTION = YES;
				GCC_WARN_UNUSED_VARIABLE = YES;
				IPHONEOS_DEPLOYMENT_TARGET = 15.5;
				MTL_ENABLE_DEBUG_INFO = NO;
				MTL_FAST_MATH = YES;
				SDKROOT = iphoneos;
				SWIFT_COMPILATION_MODE = wholemodule;
				SWIFT_OPTIMIZATION_LEVEL = "-O";
				VALIDATE_PRODUCT = YES;
			};
			name = Release;
		};
		6E45E82A295248A50038543F /* Debug */ = {
			isa = XCBuildConfiguration;
			buildSettings = {
				ASSETCATALOG_COMPILER_APPICON_NAME = AppIcon;
				ASSETCATALOG_COMPILER_GLOBAL_ACCENT_COLOR_NAME = AccentColor;
				CODE_SIGN_STYLE = Automatic;
				CURRENT_PROJECT_VERSION = 1;
				DEVELOPMENT_ASSET_PATHS = "\"front-end/Preview Content\"";
				DEVELOPMENT_TEAM = QPU6V2X782;
				ENABLE_PREVIEWS = YES;
				GENERATE_INFOPLIST_FILE = YES;
				INFOPLIST_FILE = "front-end/Info.plist";
				INFOPLIST_KEY_CFBundleDisplayName = "Isago ";
				INFOPLIST_KEY_UIApplicationSceneManifest_Generation = YES;
				INFOPLIST_KEY_UIApplicationSupportsIndirectInputEvents = YES;
				INFOPLIST_KEY_UILaunchScreen_Generation = YES;
				INFOPLIST_KEY_UISupportedInterfaceOrientations_iPad = "UIInterfaceOrientationPortrait UIInterfaceOrientationPortraitUpsideDown UIInterfaceOrientationLandscapeLeft UIInterfaceOrientationLandscapeRight";
				INFOPLIST_KEY_UISupportedInterfaceOrientations_iPhone = "UIInterfaceOrientationPortrait UIInterfaceOrientationLandscapeLeft UIInterfaceOrientationLandscapeRight";
				LD_RUNPATH_SEARCH_PATHS = (
					"$(inherited)",
					"@executable_path/Frameworks",
				);
				MARKETING_VERSION = 1.0;
				PRODUCT_BUNDLE_IDENTIFIER = com.isagoeducation;
				PRODUCT_NAME = "IsaGo Education";
				SWIFT_EMIT_LOC_STRINGS = YES;
				SWIFT_VERSION = 5.0;
				TARGETED_DEVICE_FAMILY = "1,2";
			};
			name = Debug;
		};
		6E45E82B295248A50038543F /* Release */ = {
			isa = XCBuildConfiguration;
			buildSettings = {
				ASSETCATALOG_COMPILER_APPICON_NAME = AppIcon;
				ASSETCATALOG_COMPILER_GLOBAL_ACCENT_COLOR_NAME = AccentColor;
				CODE_SIGN_STYLE = Automatic;
				CURRENT_PROJECT_VERSION = 1;
				DEVELOPMENT_ASSET_PATHS = "\"front-end/Preview Content\"";
				DEVELOPMENT_TEAM = QPU6V2X782;
				ENABLE_PREVIEWS = YES;
				GENERATE_INFOPLIST_FILE = YES;
				INFOPLIST_FILE = "front-end/Info.plist";
				INFOPLIST_KEY_CFBundleDisplayName = "Isago ";
				INFOPLIST_KEY_UIApplicationSceneManifest_Generation = YES;
				INFOPLIST_KEY_UIApplicationSupportsIndirectInputEvents = YES;
				INFOPLIST_KEY_UILaunchScreen_Generation = YES;
				INFOPLIST_KEY_UISupportedInterfaceOrientations_iPad = "UIInterfaceOrientationPortrait UIInterfaceOrientationPortraitUpsideDown UIInterfaceOrientationLandscapeLeft UIInterfaceOrientationLandscapeRight";
				INFOPLIST_KEY_UISupportedInterfaceOrientations_iPhone = "UIInterfaceOrientationPortrait UIInterfaceOrientationLandscapeLeft UIInterfaceOrientationLandscapeRight";
				LD_RUNPATH_SEARCH_PATHS = (
					"$(inherited)",
					"@executable_path/Frameworks",
				);
				MARKETING_VERSION = 1.0;
				PRODUCT_BUNDLE_IDENTIFIER = com.isagoeducation;
				PRODUCT_NAME = "IsaGo Education";
				SWIFT_EMIT_LOC_STRINGS = YES;
				SWIFT_VERSION = 5.0;
				TARGETED_DEVICE_FAMILY = "1,2";
			};
			name = Release;
		};
		6E45E82D295248A50038543F /* Debug */ = {
			isa = XCBuildConfiguration;
			buildSettings = {
				ALWAYS_EMBED_SWIFT_STANDARD_LIBRARIES = YES;
				BUNDLE_LOADER = "$(TEST_HOST)";
				CODE_SIGN_STYLE = Automatic;
				CURRENT_PROJECT_VERSION = 1;
				GENERATE_INFOPLIST_FILE = YES;
				IPHONEOS_DEPLOYMENT_TARGET = 15.5;
				MARKETING_VERSION = 1.0;
				PRODUCT_BUNDLE_IDENTIFIER = "Isago.front-endTests";
				PRODUCT_NAME = "$(TARGET_NAME)";
				SWIFT_EMIT_LOC_STRINGS = NO;
				SWIFT_VERSION = 5.0;
				TARGETED_DEVICE_FAMILY = "1,2";
				TEST_HOST = "$(BUILT_PRODUCTS_DIR)/front-end.app/front-end";
			};
			name = Debug;
		};
		6E45E82E295248A50038543F /* Release */ = {
			isa = XCBuildConfiguration;
			buildSettings = {
				ALWAYS_EMBED_SWIFT_STANDARD_LIBRARIES = YES;
				BUNDLE_LOADER = "$(TEST_HOST)";
				CODE_SIGN_STYLE = Automatic;
				CURRENT_PROJECT_VERSION = 1;
				GENERATE_INFOPLIST_FILE = YES;
				IPHONEOS_DEPLOYMENT_TARGET = 15.5;
				MARKETING_VERSION = 1.0;
				PRODUCT_BUNDLE_IDENTIFIER = "Isago.front-endTests";
				PRODUCT_NAME = "$(TARGET_NAME)";
				SWIFT_EMIT_LOC_STRINGS = NO;
				SWIFT_VERSION = 5.0;
				TARGETED_DEVICE_FAMILY = "1,2";
				TEST_HOST = "$(BUILT_PRODUCTS_DIR)/front-end.app/front-end";
			};
			name = Release;
		};
		6E45E830295248A50038543F /* Debug */ = {
			isa = XCBuildConfiguration;
			buildSettings = {
				ALWAYS_EMBED_SWIFT_STANDARD_LIBRARIES = YES;
				CODE_SIGN_STYLE = Automatic;
				CURRENT_PROJECT_VERSION = 1;
				GENERATE_INFOPLIST_FILE = YES;
				MARKETING_VERSION = 1.0;
				PRODUCT_BUNDLE_IDENTIFIER = "Isago.front-endUITests";
				PRODUCT_NAME = "$(TARGET_NAME)";
				SWIFT_EMIT_LOC_STRINGS = NO;
				SWIFT_VERSION = 5.0;
				TARGETED_DEVICE_FAMILY = "1,2";
				TEST_TARGET_NAME = "front-end";
			};
			name = Debug;
		};
		6E45E831295248A50038543F /* Release */ = {
			isa = XCBuildConfiguration;
			buildSettings = {
				ALWAYS_EMBED_SWIFT_STANDARD_LIBRARIES = YES;
				CODE_SIGN_STYLE = Automatic;
				CURRENT_PROJECT_VERSION = 1;
				GENERATE_INFOPLIST_FILE = YES;
				MARKETING_VERSION = 1.0;
				PRODUCT_BUNDLE_IDENTIFIER = "Isago.front-endUITests";
				PRODUCT_NAME = "$(TARGET_NAME)";
				SWIFT_EMIT_LOC_STRINGS = NO;
				SWIFT_VERSION = 5.0;
				TARGETED_DEVICE_FAMILY = "1,2";
				TEST_TARGET_NAME = "front-end";
			};
			name = Release;
		};
/* End XCBuildConfiguration section */

/* Begin XCConfigurationList section */
		6E45E800295248A40038543F /* Build configuration list for PBXProject "front-end" */ = {
			isa = XCConfigurationList;
			buildConfigurations = (
				6E45E827295248A50038543F /* Debug */,
				6E45E828295248A50038543F /* Release */,
			);
			defaultConfigurationIsVisible = 0;
			defaultConfigurationName = Release;
		};
		6E45E829295248A50038543F /* Build configuration list for PBXNativeTarget "front-end" */ = {
			isa = XCConfigurationList;
			buildConfigurations = (
				6E45E82A295248A50038543F /* Debug */,
				6E45E82B295248A50038543F /* Release */,
			);
			defaultConfigurationIsVisible = 0;
			defaultConfigurationName = Release;
		};
		6E45E82C295248A50038543F /* Build configuration list for PBXNativeTarget "front-endTests" */ = {
			isa = XCConfigurationList;
			buildConfigurations = (
				6E45E82D295248A50038543F /* Debug */,
				6E45E82E295248A50038543F /* Release */,
			);
			defaultConfigurationIsVisible = 0;
			defaultConfigurationName = Release;
		};
		6E45E82F295248A50038543F /* Build configuration list for PBXNativeTarget "front-endUITests" */ = {
			isa = XCConfigurationList;
			buildConfigurations = (
				6E45E830295248A50038543F /* Debug */,
				6E45E831295248A50038543F /* Release */,
			);
			defaultConfigurationIsVisible = 0;
			defaultConfigurationName = Release;
		};
/* End XCConfigurationList section */
	};
	rootObject = 6E45E7FD295248A40038543F /* Project object */;
}
